{
  "nodes": {
    "awww": {
      "inputs": {
        "flake-compat": "flake-compat",
        "nixpkgs": "nixpkgs",
        "rust-overlay": "rust-overlay"
      },
      "locked": {
        "lastModified": 1777136912,
        "narHash": "sha256-owyQdC2vi0kYC119fzyVQp0J4G0t1n4xXUwryhlBbqA=",
        "ref": "refs/heads/main",
        "rev": "f66e12a76dbc4c669b2f1375f78bce49f5b19d66",
        "revCount": 1363,
        "type": "git",
        "url": "https://codeberg.org/LGFae/awww"
      },
      "original": {
        "type": "git",
        "url": "https://codeberg.org/LGFae/awww"
      }
    },
    "flake-compat": {
      "flake": false,
      "locked": {
        "lastModified": 1761588595,
        "narHash": "sha256-XKUZz9zewJNUj46b4AJdiRZJAvSZ0Dqj2BNfXvFlJC4=",
        "owner": "edolstra",
        "repo": "flake-compat",
        "rev": "f387cd2afec9419c8ee37694406ca490c3f34ee5",
        "type": "github"
      },
      "original": {
        "owner": "edolstra",
        "repo": "flake-compat",
        "type": "github"
      }
    },
    "nixpkgs": {
      "locked": {
        "lastModified": 1763934636,
        "narHash": "sha256-9glbI7f1uU+yzQCq5LwLgdZqx6svOhZWkd4JRY265fc=",
        "owner": "nixos",
        "repo": "nixpkgs",
        "rev": "ee09932cedcef15aaf476f9343d1dea2cb77e261",
        "type": "github"
      },
      "original": {
        "owner": "nixos",
        "ref": "nixpkgs-unstable",
        "repo": "nixpkgs",
        "type": "github"
      }
    },
    "nixpkgs_2": {
      "locked": {
        "lastModified": 1779357205,
        "narHash": "sha256-cCO8aTqss5x9Ky8GWkpY0Hy5fyTZEbtifSUV8QjSzic=",
        "owner": "nixos",
        "repo": "nixpkgs",
        "rev": "f83fc3c307e74bc5fd5adb7eb6b8b13ffd2a36e1",
        "type": "github"
      },
      "original": {
        "owner": "nixos",
        "ref": "nixos-unstable",
        "repo": "nixpkgs",
        "type": "github"
      }
    },
    "nixpkgs_3": {
      "locked": {
        "lastModified": 1768127708,
        "narHash": "sha256-1Sm77VfZh3mU0F5OqKABNLWxOuDeHIlcFjsXeeiPazs=",
        "owner": "NixOS",
        "repo": "nixpkgs",
        "rev": "ffbc9f8cbaacfb331b6017d5a5abb21a492c9a38",
        "type": "github"
      },
      "original": {
        "id": "nixpkgs",
        "ref": "nixos-unstable",
        "type": "indirect"
      }
    },
    "nixpkgs_4": {
      "locked": {
        "lastModified": 1779560665,
        "narHash": "sha256-tpyBcxPpcQb8ukyNF7DoCwfSY3VPsxHoYwj00Cayv5o=",
        "owner": "nixos",
        "repo": "nixpkgs",
        "rev": "64c08a7ca051951c8eae34e3e3cb1e202fe36786",
        "type": "github"
      },
      "original": {
        "owner": "nixos",
        "ref": "nixos-unstable",
        "repo": "nixpkgs",
        "type": "github"
      }
    },
    "quickshell": {
      "inputs": {
        "nixpkgs": "nixpkgs_3"
      },
      "locked": {
        "lastModified": 1779430452,
        "narHash": "sha256-zTslhsxLqUlRTML506iougTGzyR38Fzhzn7t4KDEuuE=",
        "owner": "quickshell-mirror",
        "repo": "quickshell",
        "rev": "4b4fca3224ab977dc515ac0bb78d00b3dfa71e00",
        "type": "github"
      },
      "original": {
        "owner": "quickshell-mirror",
        "repo": "quickshell",
        "type": "github"
      }
    },
    "root": {
      "inputs": {
        "awww": "awww",
        "nixpkgs": "nixpkgs_2",
        "quickshell": "quickshell",
        "skwd-daemon": "skwd-daemon"
      }
    },
    "rust-overlay": {
      "inputs": {
        "nixpkgs": [
          "awww",
          "nixpkgs"
        ]
      },
      "locked": {
        "lastModified": 1764038373,
        "narHash": "sha256-M6w2wNBRelcavoDAyFL2iO4NeWknD40ASkH1S3C0YGM=",
        "owner": "oxalica",
        "repo": "rust-overlay",
        "rev": "ab3536fe850211a96673c6ffb2cb88aab8071cc9",
        "type": "github"
      },
      "original": {
        "owner": "oxalica",
        "repo": "rust-overlay",
        "type": "github"
      }
    },
    "skwd-daemon": {
      "inputs": {
        "nixpkgs": "nixpkgs_4"
      },
      "locked": {
        "lastModified": 1779915135,
        "narHash": "sha256-2yFYzOOOOnN7hauOGN+Yxo0hE2rLeC6knHll4Ggm4Vs=",
        "owner": "waliori",
        "repo": "skwd-daemon-noir",
        "rev": "203f581a968974dc9b2a18a3743f1d0111ef10e7",
        "type": "github"
      },
      "original": {
        "owner": "waliori",
        "ref": "noir",
        "repo": "skwd-daemon-noir",
        "type": "github"
      }
    }
  },
  "root": "root",
  "version": 7
}
